
Microsoft Visual Studio Solution File, Format Version 12.00
# Visual Studio Version 16
VisualStudioVersion = 16.0.31410.357
MinimumVisualStudioVersion = 10.0.40219.1
Project("{FAE04EC0-301F-11D3-BF4B-00C04F79EFBC}") = "GroceryListMobile.Android", "GroceryListMobile.Android\GroceryListMobile.Android.csproj", "{14044C4D-5142-4B72-8538-4CFB0B5CBB11}"
EndProject
Project("{FAE04EC0-301F-11D3-BF4B-00C04F79EFBC}") = "GroceryListMobile.iOS", "GroceryListMobile.iOS\GroceryListMobile.iOS.csproj", "{68710F65-9604-436B-AA13-3FE8CE119428}"
EndProject
Project("{FAE04EC0-301F-11D3-BF4B-00C04F79EFBC}") = "GroceryListMobile", "GroceryListMobile\GroceryListMobile.csproj", "{A8C2EB65-5B64-47A3-9D95-2CED8B7A3496}"
EndProject
Global
	GlobalSection(SolutionConfigurationPlatforms) = preSolution
		Debug|Any CPU = Debug|Any CPU
		Debug|iPhone = Debug|iPhone
		Debug|iPhoneSimulator = Debug|iPhoneSimulator
		Release|Any CPU = Release|Any CPU
		Release|iPhone = Release|iPhone
		Release|iPhoneSimulator = Release|iPhoneSimulator
	EndGlobalSection
	GlobalSection(ProjectConfigurationPlatforms) = postSolution
		{14044C4D-5142-4B72-8538-4CFB0B5CBB11}.Debug|Any CPU.ActiveCfg = Debug|Any CPU
		{14044C4D-5142-4B72-8538-4CFB0B5CBB11}.Debug|Any CPU.Build.0 = Debug|Any CPU
		{14044C4D-5142-4B72-8538-4CFB0B5CBB11}.Debug|Any CPU.Deploy.0 = Debug|Any CPU
		{14044C4D-5142-4B72-8538-4CFB0B5CBB11}.Debug|iPhone.ActiveCfg = Debug|Any CPU
		{14044C4D-5142-4B72-8538-4CFB0B5CBB11}.Debug|iPhone.Build.0 = Debug|Any CPU
		{14044C4D-5142-4B72-8538-4CFB0B5CBB11}.Debug|iPhone.Deploy.0 = Debug|Any CPU
		{14044C4D-5142-4B72-8538-4CFB0B5CBB11}.Debug|iPhoneSimulator.ActiveCfg = Debug|Any CPU
		{14044C4D-5142-4B72-8538-4CFB0B5CBB11}.Debug|iPhoneSimulator.Build.0 = Debug|Any CPU
		{14044C4D-5142-4B72-8538-4CFB0B5CBB11}.Debug|iPhoneSimulator.Deploy.0 = Debug|Any CPU
		{14044C4D-5142-4B72-8538-4CFB0B5CBB11}.Release|Any CPU.ActiveCfg = Release|Any CPU
		{14044C4D-5142-4B72-8538-4CFB0B5CBB11}.Release|Any CPU.Build.0 = Release|Any CPU
		{14044C4D-5142-4B72-8538-4CFB0B5CBB11}.Release|Any CPU.Deploy.0 = Release|Any CPU
		{14044C4D-5142-4B72-8538-4CFB0B5CBB11}.Release|iPhone.ActiveCfg = Release|Any CPU
		{14044C4D-5142-4B72-8538-4CFB0B5CBB11}.Release|iPhone.Build.0 = Release|Any CPU
		{14044C4D-5142-4B72-8538-4CFB0B5CBB11}.Release|iPhone.Deploy.0 = Release|Any CPU
		{14044C4D-5142-4B72-8538-4CFB0B5CBB11}.Release|iPhoneSimulator.ActiveCfg = Release|Any CPU
		{14044C4D-5142-4B72-8538-4CFB0B5CBB11}.Release|iPhoneSimulator.Build.0 = Release|Any CPU
		{14044C4D-5142-4B72-8538-4CFB0B5CBB11}.Release|iPhoneSimulator.Deploy.0 = Release|Any CPU
		{68710F65-9604-436B-AA13-3FE8CE119428}.Debug|Any CPU.ActiveCfg = Debug|iPhone
		{68710F65-9604-436B-AA13-3FE8CE119428}.Debug|Any CPU.Build.0 = Debug|iPhone
		{68710F65-9604-436B-AA13-3FE8CE119428}.Debug|Any CPU.Deploy.0 = Debug|iPhone
		{68710F65-9604-436B-AA13-3FE8CE119428}.Debug|iPhone.ActiveCfg = Debug|iPhone
		{68710F65-9604-436B-AA13-3FE8CE119428}.Debug|iPhone.Build.0 = Debug|iPhone
		{68710F65-9604-436B-AA13-3FE8CE119428}.Debug|iPhone.Deploy.0 = Debug|iPhone
		{68710F65-9604-436B-AA13-3FE8CE119428}.Debug|iPhoneSimulator.ActiveCfg = Debug|iPhoneSimulator
		{68710F65-9604-436B-AA13-3FE8CE119428}.Debug|iPhoneSimulator.Build.0 = Debug|iPhoneSimulator
		{68710F65-9604-436B-AA13-3FE8CE119428}.Debug|iPhoneSimulator.Deploy.0 = Debug|iPhoneSimulator
		{68710F65-9604-436B-AA13-3FE8CE119428}.Release|Any CPU.ActiveCfg = Release|iPhoneSimulator
		{68710F65-9604-436B-AA13-3FE8CE119428}.Release|Any CPU.Build.0 = Release|iPhoneSimulator
		{68710F65-9604-436B-AA13-3FE8CE119428}.Release|Any CPU.Deploy.0 = Release|iPhoneSimulator
		{68710F65-9604-436B-AA13-3FE8CE119428}.Release|iPhone.ActiveCfg = Release|iPhone
		{68710F65-9604-436B-AA13-3FE8CE119428}.Release|iPhone.Build.0 = Release|iPhone
		{68710F65-9604-436B-AA13-3FE8CE119428}.Release|iPhone.Deploy.0 = Release|iPhone
		{68710F65-9604-436B-AA13-3FE8CE119428}.Release|iPhoneSimulator.ActiveCfg = Release|iPhoneSimulator
		{68710F65-9604-436B-AA13-3FE8CE119428}.Release|iPhoneSimulator.Build.0 = Release|iPhoneSimulator
		{68710F65-9604-436B-AA13-3FE8CE119428}.Release|iPhoneSimulator.Deploy.0 = Release|iPhoneSimulator
		{A8C2EB65-5B64-47A3-9D95-2CED8B7A3496}.Debug|Any CPU.ActiveCfg = Debug|Any CPU
		{A8C2EB65-5B64-47A3-9D95-2CED8B7A3496}.Debug|Any CPU.Build.0 = Debug|Any CPU
		{A8C2EB65-5B64-47A3-9D95-2CED8B7A3496}.Debug|Any CPU.Deploy.0 = Debug|Any CPU
		{A8C2EB65-5B64-47A3-9D95-2CED8B7A3496}.Debug|iPhone.ActiveCfg = Debug|Any CPU
		{A8C2EB65-5B64-47A3-9D95-2CED8B7A3496}.Debug|iPhone.Build.0 = Debug|Any CPU
		{A8C2EB65-5B64-47A3-9D95-2CED8B7A3496}.Debug|iPhone.Deploy.0 = Debug|Any CPU
		{A8C2EB65-5B64-47A3-9D95-2CED8B7A3496}.Debug|iPhoneSimulator.ActiveCfg = Debug|Any CPU
		{A8C2EB65-5B64-47A3-9D95-2CED8B7A3496}.Debug|iPhoneSimulator.Build.0 = Debug|Any CPU
		{A8C2EB65-5B64-47A3-9D95-2CED8B7A3496}.Debug|iPhoneSimulator.Deploy.0 = Debug|Any CPU
		{A8C2EB65-5B64-47A3-9D95-2CED8B7A3496}.Release|Any CPU.ActiveCfg = Release|Any CPU
		{A8C2EB65-5B64-47A3-9D95-2CED8B7A3496}.Release|Any CPU.Build.0 = Release|Any CPU
		{A8C2EB65-5B64-47A3-9D95-2CED8B7A3496}.Release|Any CPU.Deploy.0 = Release|Any CPU
		{A8C2EB65-5B64-47A3-9D95-2CED8B7A3496}.Release|iPhone.ActiveCfg = Release|Any CPU
		{A8C2EB65-5B64-47A3-9D95-2CED8B7A3496}.Release|iPhone.Build.0 = Release|Any CPU
		{A8C2EB65-5B64-47A3-9D95-2CED8B7A3496}.Release|iPhone.Deploy.0 = Release|Any CPU
		{A8C2EB65-5B64-47A3-9D95-2CED8B7A3496}.Release|iPhoneSimulator.ActiveCfg = Release|Any CPU
		{A8C2EB65-5B64-47A3-9D95-2CED8B7A3496}.Release|iPhoneSimulator.Build.0 = Release|Any CPU
		{A8C2EB65-5B64-47A3-9D95-2CED8B7A3496}.Release|iPhoneSimulator.Deploy.0 = Release|Any CPU
	EndGlobalSection
	GlobalSection(SolutionProperties) = preSolution
		HideSolutionNode = FALSE
	EndGlobalSection
	GlobalSection(ExtensibilityGlobals) = postSolution
		SolutionGuid = {05BAA661-A1D1-4C1D-ADCC-83CB887F9158}
	EndGlobalSection
EndGlobal
